
Microsoft Visual Studio Solution File, Format Version 12.00
# Visual Studio Express 2013 for Windows Desktop
VisualStudioVersion = 12.0.21005.1
MinimumVisualStudioVersion = 10.0.40219.1
Project("{8BC9CEB8-8B4A-11D0-8D11-00A0C91BC942}") = "MetaRaytrace", "MetaRaytrace.vcxproj", "{EB5C9004-3102-48E6-B457-7F8698724617}"
EndProject
Global
	GlobalSection(SolutionConfigurationPlatforms) = preSolution
		CompileTimeConfig|Win32 = CompileTimeConfig|Win32
	EndGlobalSection
	GlobalSection(ProjectConfigurationPlatforms) = postSolution
		{EB5C9004-3102-48E6-B457-7F8698724617}.CompileTimeConfig|Win32.ActiveCfg = Debug|Win32
		{EB5C9004-3102-48E6-B457-7F8698724617}.CompileTimeConfig|Win32.Build.0 = Debug|Win32
	EndGlobalSection
	GlobalSection(SolutionProperties) = preSolution
		HideSolutionNode = FALSE
	EndGlobalSection
EndGlobal
